{
   "name": "com.burning-lab.scenemanagement",
   "version": "0.1.3-exp",
   "lockfileVersion": 2,
   "requires": true,
   "packages": {
      "": {
         "name": "com.burning-lab.scenemanagement",
         "version": "0.1.3-exp",
         "devDependencies": {
            "com.burning-lab.utils.js-build-utils": "^0.1.7"
         },
         "optionalDependencies": {
            "com.unity.addressables": "1.19.19"
         }
      },
      "node_modules/com.burning-lab.utils.js-build-utils": {
         "version": "0.1.7",
         "resolved": "https://registry.npmjs.org/com.burning-lab.utils.js-build-utils/-/com.burning-lab.utils.js-build-utils-0.1.7.tgz",
         "integrity": "sha512-jZqpn8dwHrOOAGtgYfD3p+zuWhTIjqBQqKGYOHAy5BX4sL5BXPdK46KrtSjCJc2PqfbxP5INruePehJFMWqhqQ==",
         "dev": true
      }
   },
   "dependencies": {
      "com.burning-lab.utils.js-build-utils": {
         "version": "0.1.7",
         "resolved": "https://registry.npmjs.org/com.burning-lab.utils.js-build-utils/-/com.burning-lab.utils.js-build-utils-0.1.7.tgz",
         "integrity": "sha512-jZqpn8dwHrOOAGtgYfD3p+zuWhTIjqBQqKGYOHAy5BX4sL5BXPdK46KrtSjCJc2PqfbxP5INruePehJFMWqhqQ==",
         "dev": true
      }
   }
}
