{
   "name": "com.burning-lab.scenemanagement",
   "version": "0.1.12",
   "lockfileVersion": 2,
   "requires": true,
   "packages": {
      "": {
         "name": "com.burning-lab.scenemanagement",
         "version": "0.1.12",
         "license": "MIT",
         "devDependencies": {
            "unity-build-package-utility": "^0.0.1"
         }
      },
      "node_modules/unity-build-package-utility": {
         "version": "0.0.1",
         "resolved": "https://registry.npmjs.org/unity-build-package-utility/-/unity-build-package-utility-0.0.1.tgz",
         "integrity": "sha512-47LLeeV1TFKHcuFqUwo/RQQgvBUCBH8mgjvK5a/5qtVscvDDnua1x+rHUm7ul5tcs0e6IBv2fxZgr1P38vVTNw==",
         "dev": true
      }
   },
   "dependencies": {
      "unity-build-package-utility": {
         "version": "0.0.1",
         "resolved": "https://registry.npmjs.org/unity-build-package-utility/-/unity-build-package-utility-0.0.1.tgz",
         "integrity": "sha512-47LLeeV1TFKHcuFqUwo/RQQgvBUCBH8mgjvK5a/5qtVscvDDnua1x+rHUm7ul5tcs0e6IBv2fxZgr1P38vVTNw==",
         "dev": true
      }
   }
}
